
Microsoft Visual Studio Solution File, Format Version 12.00
# Visual Studio Version 16
VisualStudioVersion = 16.0.30011.22
MinimumVisualStudioVersion = 10.0.40219.1
Project("{FAE04EC0-301F-11D3-BF4B-00C04F79EFBC}") = "Collections.Examples", "Collections.Examples\Collections.Examples.csproj", "{DE5CD110-EE74-4E64-96BF-DE0A2957A421}"
EndProject
Project("{FAE04EC0-301F-11D3-BF4B-00C04F79EFBC}") = "Linq", "Linq\Linq.csproj", "{F05A194F-2E45-478D-BA1A-89DC44BE12DD}"
EndProject
Global
	GlobalSection(SolutionConfigurationPlatforms) = preSolution
		Debug|Any CPU = Debug|Any CPU
		Release|Any CPU = Release|Any CPU
	EndGlobalSection
	GlobalSection(ProjectConfigurationPlatforms) = postSolution
		{DE5CD110-EE74-4E64-96BF-DE0A2957A421}.Debug|Any CPU.ActiveCfg = Debug|Any CPU
		{DE5CD110-EE74-4E64-96BF-DE0A2957A421}.Debug|Any CPU.Build.0 = Debug|Any CPU
		{DE5CD110-EE74-4E64-96BF-DE0A2957A421}.Release|Any CPU.ActiveCfg = Release|Any CPU
		{DE5CD110-EE74-4E64-96BF-DE0A2957A421}.Release|Any CPU.Build.0 = Release|Any CPU
		{F05A194F-2E45-478D-BA1A-89DC44BE12DD}.Debug|Any CPU.ActiveCfg = Debug|Any CPU
		{F05A194F-2E45-478D-BA1A-89DC44BE12DD}.Debug|Any CPU.Build.0 = Debug|Any CPU
		{F05A194F-2E45-478D-BA1A-89DC44BE12DD}.Release|Any CPU.ActiveCfg = Release|Any CPU
		{F05A194F-2E45-478D-BA1A-89DC44BE12DD}.Release|Any CPU.Build.0 = Release|Any CPU
	EndGlobalSection
	GlobalSection(SolutionProperties) = preSolution
		HideSolutionNode = FALSE
	EndGlobalSection
	GlobalSection(ExtensibilityGlobals) = postSolution
		SolutionGuid = {04AC61BC-2112-4EA2-B019-29CA57CC8D42}
	EndGlobalSection
EndGlobal
